Microsoft Visual Studio Solution File, Format Version 12.00
# Visual Studio Version 17
VisualStudioVersion = 17.5.2.0
MinimumVisualStudioVersion = 10.0.40219.1
Project("{FAE04EC0-301F-11D3-BF4B-00C04F79EFBC}") = "ElsaConsole", "ElsaConsole\ElsaConsole.csproj", "{B317710B-1DE4-E415-7957-D0E02CA9E204}"
EndProject
Project("{FAE04EC0-301F-11D3-BF4B-00C04F79EFBC}") = "ElsaWeb", "ElsaWeb\ElsaWeb.csproj", "{8B38C87D-0BE3-4001-A094-042D1AB78B73}"
EndProject
Project("{FAE04EC0-301F-11D3-BF4B-00C04F79EFBC}") = "ElsaStudioBlazorWasm", "ElsaStudioBlazorWasm\ElsaStudioBlazorWasm.csproj", "{B6431D54-FFAC-4444-99BE-C3756D254952}"
EndProject
Global
	GlobalSection(SolutionConfigurationPlatforms) = preSolution
		Debug|Any CPU = Debug|Any CPU
		Release|Any CPU = Release|Any CPU
	EndGlobalSection
	GlobalSection(ProjectConfigurationPlatforms) = postSolution
		{B317710B-1DE4-E415-7957-D0E02CA9E204}.Debug|Any CPU.ActiveCfg = Debug|Any CPU
		{B317710B-1DE4-E415-7957-D0E02CA9E204}.Debug|Any CPU.Build.0 = Debug|Any CPU
		{B317710B-1DE4-E415-7957-D0E02CA9E204}.Release|Any CPU.ActiveCfg = Release|Any CPU
		{B317710B-1DE4-E415-7957-D0E02CA9E204}.Release|Any CPU.Build.0 = Release|Any CPU
		{8B38C87D-0BE3-4001-A094-042D1AB78B73}.Debug|Any CPU.ActiveCfg = Debug|Any CPU
		{8B38C87D-0BE3-4001-A094-042D1AB78B73}.Debug|Any CPU.Build.0 = Debug|Any CPU
		{8B38C87D-0BE3-4001-A094-042D1AB78B73}.Release|Any CPU.ActiveCfg = Release|Any CPU
		{8B38C87D-0BE3-4001-A094-042D1AB78B73}.Release|Any CPU.Build.0 = Release|Any CPU
		{B6431D54-FFAC-4444-99BE-C3756D254952}.Debug|Any CPU.ActiveCfg = Debug|Any CPU
		{B6431D54-FFAC-4444-99BE-C3756D254952}.Debug|Any CPU.Build.0 = Debug|Any CPU
		{B6431D54-FFAC-4444-99BE-C3756D254952}.Release|Any CPU.ActiveCfg = Release|Any CPU
		{B6431D54-FFAC-4444-99BE-C3756D254952}.Release|Any CPU.Build.0 = Release|Any CPU
	EndGlobalSection
	GlobalSection(SolutionProperties) = preSolution
		HideSolutionNode = FALSE
	EndGlobalSection
	GlobalSection(ExtensibilityGlobals) = postSolution
		SolutionGuid = {232B59A7-98BB-4BCB-8C1A-0969B7EEF943}
	EndGlobalSection
EndGlobal
